// !$*UTF8*$!
{
	archiveVersion = 1;
	classes = {
	};
	objectVersion = 46;
	objects = {

/* Begin PBXBuildFile section */
		181081A01DD03F9E00DCE7A5 /* WYCarouselView.m in Sources */ = {isa = PBXBuildFile; fileRef = 1810819F1DD03F9E00DCE7A5 /* WYCarouselView.m */; };
		1895B4D31DCC8EA3004F455A /* NSDictionary+Unicode.m in Sources */ = {isa = PBXBuildFile; fileRef = 1895B4C81DCC8EA3004F455A /* NSDictionary+Unicode.m */; };
		1895B4D41DCC8EA3004F455A /* UIBarButtonItem+NavigationButton.m in Sources */ = {isa = PBXBuildFile; fileRef = 1895B4CA1DCC8EA3004F455A /* UIBarButtonItem+NavigationButton.m */; };
		1895B4D51DCC8EA3004F455A /* UIButton+MoreButton.m in Sources */ = {isa = PBXBuildFile; fileRef = 1895B4CC1DCC8EA3004F455A /* UIButton+MoreButton.m */; };
		1895B4D61DCC8EA3004F455A /* UIImage+RescaleImage.m in Sources */ = {isa = PBXBuildFile; fileRef = 1895B4CE1DCC8EA3004F455A /* UIImage+RescaleImage.m */; };
		1895B4D71DCC8EA3004F455A /* UIView+Frame.m in Sources */ = {isa = PBXBuildFile; fileRef = 1895B4D01DCC8EA3004F455A /* UIView+Frame.m */; };
		1895B4D81DCC8EA3004F455A /* UIView+Layer.m in Sources */ = {isa = PBXBuildFile; fileRef = 1895B4D21DCC8EA3004F455A /* UIView+Layer.m */; };
		1895B4E01DCC8EC1004F455A /* NetworkSingleton.m in Sources */ = {isa = PBXBuildFile; fileRef = 1895B4DF1DCC8EC1004F455A /* NetworkSingleton.m */; };
		1895B4E31DCC8EDE004F455A /* DYMineViewController.m in Sources */ = {isa = PBXBuildFile; fileRef = 1895B4E21DCC8EDE004F455A /* DYMineViewController.m */; };
		1895B4E61DCC8EF7004F455A /* DYMainViewController.m in Sources */ = {isa = PBXBuildFile; fileRef = 1895B4E51DCC8EF7004F455A /* DYMainViewController.m */; };
		1895B4F11DCC8F06004F455A /* DYHomeViewController.m in Sources */ = {isa = PBXBuildFile; fileRef = 1895B4E81DCC8F06004F455A /* DYHomeViewController.m */; };
		1895B4F21DCC8F06004F455A /* EntertainmentViewController.m in Sources */ = {isa = PBXBuildFile; fileRef = 1895B4EA1DCC8F06004F455A /* EntertainmentViewController.m */; };
		1895B4F31DCC8F06004F455A /* FunViewController.m in Sources */ = {isa = PBXBuildFile; fileRef = 1895B4EC1DCC8F06004F455A /* FunViewController.m */; };
		1895B4F41DCC8F06004F455A /* GameViewController.m in Sources */ = {isa = PBXBuildFile; fileRef = 1895B4EE1DCC8F06004F455A /* GameViewController.m */; };
		1895B4F51DCC8F06004F455A /* RecommendViewController.m in Sources */ = {isa = PBXBuildFile; fileRef = 1895B4F01DCC8F06004F455A /* RecommendViewController.m */; };
		1895B4F81DCC8F0F004F455A /* YanZhiModel.m in Sources */ = {isa = PBXBuildFile; fileRef = 1895B4F71DCC8F0F004F455A /* YanZhiModel.m */; };
		1895B5031DCC8F18004F455A /* PageContentView.m in Sources */ = {isa = PBXBuildFile; fileRef = 1895B4FA1DCC8F18004F455A /* PageContentView.m */; };
		1895B5041DCC8F18004F455A /* PageTitleView.m in Sources */ = {isa = PBXBuildFile; fileRef = 1895B4FC1DCC8F18004F455A /* PageTitleView.m */; };
		1895B50A1DCC8F2F004F455A /* DYLiveViewController.m in Sources */ = {isa = PBXBuildFile; fileRef = 1895B5091DCC8F2F004F455A /* DYLiveViewController.m */; };
		1895B50D1DCC8F4C004F455A /* DYFollowViewController.m in Sources */ = {isa = PBXBuildFile; fileRef = 1895B50C1DCC8F4C004F455A /* DYFollowViewController.m */; };
		18A12D021DD31E7200C9C4F7 /* ReusableModel.m in Sources */ = {isa = PBXBuildFile; fileRef = 18A12D011DD31E7200C9C4F7 /* ReusableModel.m */; };
		18A12D111DD3241200C9C4F7 /* RecommendCollectionViewCell.m in Sources */ = {isa = PBXBuildFile; fileRef = 18A12D081DD3241200C9C4F7 /* RecommendCollectionViewCell.m */; };
		18A12D121DD3241200C9C4F7 /* RecommendGameCell.m in Sources */ = {isa = PBXBuildFile; fileRef = 18A12D0A1DD3241200C9C4F7 /* RecommendGameCell.m */; };
		18A12D131DD3241200C9C4F7 /* RecommendGameView.m in Sources */ = {isa = PBXBuildFile; fileRef = 18A12D0C1DD3241200C9C4F7 /* RecommendGameView.m */; };
		18A12D141DD3241200C9C4F7 /* RecommendReusableView.m in Sources */ = {isa = PBXBuildFile; fileRef = 18A12D0E1DD3241200C9C4F7 /* RecommendReusableView.m */; };
		18A12D151DD3241200C9C4F7 /* RecommendYanzhiCell.m in Sources */ = {isa = PBXBuildFile; fileRef = 18A12D101DD3241200C9C4F7 /* RecommendYanzhiCell.m */; };
		18A12D181DD3244200C9C4F7 /* GameHeaderView.m in Sources */ = {isa = PBXBuildFile; fileRef = 18A12D171DD3244200C9C4F7 /* GameHeaderView.m */; };
		18AA25781DD1B018007F5382 /* RecommendGameModel.m in Sources */ = {isa = PBXBuildFile; fileRef = 18AA25771DD1B018007F5382 /* RecommendGameModel.m */; };
		18C6A4561DB86FB300BE7519 /* main.m in Sources */ = {isa = PBXBuildFile; fileRef = 18C6A4551DB86FB300BE7519 /* main.m */; };
		18C6A4591DB86FB300BE7519 /* AppDelegate.m in Sources */ = {isa = PBXBuildFile; fileRef = 18C6A4581DB86FB300BE7519 /* AppDelegate.m */; };
		18C6A45C1DB86FB300BE7519 /* ViewController.m in Sources */ = {isa = PBXBuildFile; fileRef = 18C6A45B1DB86FB300BE7519 /* ViewController.m */; };
		18C6A45F1DB86FB300BE7519 /* Main.storyboard in Resources */ = {isa = PBXBuildFile; fileRef = 18C6A45D1DB86FB300BE7519 /* Main.storyboard */; };
		18C6A4621DB86FB300BE7519 /* WY_DYZB.xcdatamodeld in Sources */ = {isa = PBXBuildFile; fileRef = 18C6A4601DB86FB300BE7519 /* WY_DYZB.xcdatamodeld */; };
		18C6A4641DB86FB300BE7519 /* Assets.xcassets in Resources */ = {isa = PBXBuildFile; fileRef = 18C6A4631DB86FB300BE7519 /* Assets.xcassets */; };
		18C6A4671DB86FB300BE7519 /* LaunchScreen.storyboard in Resources */ = {isa = PBXBuildFile; fileRef = 18C6A4651DB86FB300BE7519 /* LaunchScreen.storyboard */; };
		AF73CCC8D68452709FDDE585 /* Pods_WY_DYZB.framework in Frameworks */ = {isa = PBXBuildFile; fileRef = BE2F9CFF564EF666646F106E /* Pods_WY_DYZB.framework */; };
/* End PBXBuildFile section */

/* Begin PBXFileReference section */
		1810819E1DD03F9E00DCE7A5 /* WYCarouselView.h */ = {isa = PBXFileReference; fileEncoding = 4; lastKnownFileType = sourcecode.c.h; path = WYCarouselView.h; sourceTree = "<group>"; };
		1810819F1DD03F9E00DCE7A5 /* WYCarouselView.m */ = {isa = PBXFileReference; fileEncoding = 4; lastKnownFileType = sourcecode.c.objc; path = WYCarouselView.m; sourceTree = "<group>"; };
		1895B4C71DCC8EA3004F455A /* NSDictionary+Unicode.h */ = {isa = PBXFileReference; fileEncoding = 4; lastKnownFileType = sourcecode.c.h; path = "NSDictionary+Unicode.h"; sourceTree = "<group>"; };
		1895B4C81DCC8EA3004F455A /* NSDictionary+Unicode.m */ = {isa = PBXFileReference; fileEncoding = 4; lastKnownFileType = sourcecode.c.objc; path = "NSDictionary+Unicode.m"; sourceTree = "<group>"; };
		1895B4C91DCC8EA3004F455A /* UIBarButtonItem+NavigationButton.h */ = {isa = PBXFileReference; fileEncoding = 4; lastKnownFileType = sourcecode.c.h; path = "UIBarButtonItem+NavigationButton.h"; sourceTree = "<group>"; };
		1895B4CA1DCC8EA3004F455A /* UIBarButtonItem+NavigationButton.m */ = {isa = PBXFileReference; fileEncoding = 4; lastKnownFileType = sourcecode.c.objc; path = "UIBarButtonItem+NavigationButton.m"; sourceTree = "<group>"; };
		1895B4CB1DCC8EA3004F455A /* UIButton+MoreButton.h */ = {isa = PBXFileReference; fileEncoding = 4; lastKnownFileType = sourcecode.c.h; path = "UIButton+MoreButton.h"; sourceTree = "<group>"; };
		1895B4CC1DCC8EA3004F455A /* UIButton+MoreButton.m */ = {isa = PBXFileReference; fileEncoding = 4; lastKnownFileType = sourcecode.c.objc; path = "UIButton+MoreButton.m"; sourceTree = "<group>"; };
		1895B4CD1DCC8EA3004F455A /* UIImage+RescaleImage.h */ = {isa = PBXFileReference; fileEncoding = 4; lastKnownFileType = sourcecode.c.h; path = "UIImage+RescaleImage.h"; sourceTree = "<group>"; };
		1895B4CE1DCC8EA3004F455A /* UIImage+RescaleImage.m */ = {isa = PBXFileReference; fileEncoding = 4; lastKnownFileType = sourcecode.c.objc; path = "UIImage+RescaleImage.m"; sourceTree = "<group>"; };
		1895B4CF1DCC8EA3004F455A /* UIView+Frame.h */ = {isa = PBXFileReference; fileEncoding = 4; lastKnownFileType = sourcecode.c.h; path = "UIView+Frame.h"; sourceTree = "<group>"; };
		1895B4D01DCC8EA3004F455A /* UIView+Frame.m */ = {isa = PBXFileReference; fileEncoding = 4; lastKnownFileType = sourcecode.c.objc; path = "UIView+Frame.m"; sourceTree = "<group>"; };
		1895B4D11DCC8EA3004F455A /* UIView+Layer.h */ = {isa = PBXFileReference; fileEncoding = 4; lastKnownFileType = sourcecode.c.h; path = "UIView+Layer.h"; sourceTree = "<group>"; };
		1895B4D21DCC8EA3004F455A /* UIView+Layer.m */ = {isa = PBXFileReference; fileEncoding = 4; lastKnownFileType = sourcecode.c.objc; path = "UIView+Layer.m"; sourceTree = "<group>"; };
		1895B4DB1DCC8EB8004F455A /* Common.h */ = {isa = PBXFileReference; fileEncoding = 4; lastKnownFileType = sourcecode.c.h; path = Common.h; sourceTree = "<group>"; };
		1895B4DE1DCC8EC1004F455A /* NetworkSingleton.h */ = {isa = PBXFileReference; fileEncoding = 4; lastKnownFileType = sourcecode.c.h; path = NetworkSingleton.h; sourceTree = "<group>"; };
		1895B4DF1DCC8EC1004F455A /* NetworkSingleton.m */ = {isa = PBXFileReference; fileEncoding = 4; lastKnownFileType = sourcecode.c.objc; path = NetworkSingleton.m; sourceTree = "<group>"; };
		1895B4E11DCC8EDE004F455A /* DYMineViewController.h */ = {isa = PBXFileReference; fileEncoding = 4; lastKnownFileType = sourcecode.c.h; path = DYMineViewController.h; sourceTree = "<group>"; };
		1895B4E21DCC8EDE004F455A /* DYMineViewController.m */ = {isa = PBXFileReference; fileEncoding = 4; lastKnownFileType = sourcecode.c.objc; path = DYMineViewController.m; sourceTree = "<group>"; };
		1895B4E41DCC8EF7004F455A /* DYMainViewController.h */ = {isa = PBXFileReference; fileEncoding = 4; lastKnownFileType = sourcecode.c.h; path = DYMainViewController.h; sourceTree = "<group>"; };
		1895B4E51DCC8EF7004F455A /* DYMainViewController.m */ = {isa = PBXFileReference; fileEncoding = 4; lastKnownFileType = sourcecode.c.objc; path = DYMainViewController.m; sourceTree = "<group>"; };
		1895B4E71DCC8F06004F455A /* DYHomeViewController.h */ = {isa = PBXFileReference; fileEncoding = 4; lastKnownFileType = sourcecode.c.h; path = DYHomeViewController.h; sourceTree = "<group>"; };
		1895B4E81DCC8F06004F455A /* DYHomeViewController.m */ = {isa = PBXFileReference; fileEncoding = 4; lastKnownFileType = sourcecode.c.objc; path = DYHomeViewController.m; sourceTree = "<group>"; };
		1895B4E91DCC8F06004F455A /* EntertainmentViewController.h */ = {isa = PBXFileReference; fileEncoding = 4; lastKnownFileType = sourcecode.c.h; path = EntertainmentViewController.h; sourceTree = "<group>"; };
		1895B4EA1DCC8F06004F455A /* EntertainmentViewController.m */ = {isa = PBXFileReference; fileEncoding = 4; lastKnownFileType = sourcecode.c.objc; path = EntertainmentViewController.m; sourceTree = "<group>"; };
		1895B4EB1DCC8F06004F455A /* FunViewController.h */ = {isa = PBXFileReference; fileEncoding = 4; lastKnownFileType = sourcecode.c.h; path = FunViewController.h; sourceTree = "<group>"; };
		1895B4EC1DCC8F06004F455A /* FunViewController.m */ = {isa = PBXFileReference; fileEncoding = 4; lastKnownFileType = sourcecode.c.objc; path = FunViewController.m; sourceTree = "<group>"; };
		1895B4ED1DCC8F06004F455A /* GameViewController.h */ = {isa = PBXFileReference; fileEncoding = 4; lastKnownFileType = sourcecode.c.h; path = GameViewController.h; sourceTree = "<group>"; };
		1895B4EE1DCC8F06004F455A /* GameViewController.m */ = {isa = PBXFileReference; fileEncoding = 4; lastKnownFileType = sourcecode.c.objc; path = GameViewController.m; sourceTree = "<group>"; };
		1895B4EF1DCC8F06004F455A /* RecommendViewController.h */ = {isa = PBXFileReference; fileEncoding = 4; lastKnownFileType = sourcecode.c.h; path = RecommendViewController.h; sourceTree = "<group>"; };
		1895B4F01DCC8F06004F455A /* RecommendViewController.m */ = {isa = PBXFileReference; fileEncoding = 4; lastKnownFileType = sourcecode.c.objc; path = RecommendViewController.m; sourceTree = "<group>"; };
		1895B4F61DCC8F0F004F455A /* YanZhiModel.h */ = {isa = PBXFileReference; fileEncoding = 4; lastKnownFileType = sourcecode.c.h; path = YanZhiModel.h; sourceTree = "<group>"; };
		1895B4F71DCC8F0F004F455A /* YanZhiModel.m */ = {isa = PBXFileReference; fileEncoding = 4; lastKnownFileType = sourcecode.c.objc; path = YanZhiModel.m; sourceTree = "<group>"; };
		1895B4F91DCC8F18004F455A /* PageContentView.h */ = {isa = PBXFileReference; fileEncoding = 4; lastKnownFileType = sourcecode.c.h; path = PageContentView.h; sourceTree = "<group>"; };
		1895B4FA1DCC8F18004F455A /* PageContentView.m */ = {isa = PBXFileReference; fileEncoding = 4; lastKnownFileType = sourcecode.c.objc; path = PageContentView.m; sourceTree = "<group>"; };
		1895B4FB1DCC8F18004F455A /* PageTitleView.h */ = {isa = PBXFileReference; fileEncoding = 4; lastKnownFileType = sourcecode.c.h; path = PageTitleView.h; sourceTree = "<group>"; };
		1895B4FC1DCC8F18004F455A /* PageTitleView.m */ = {isa = PBXFileReference; fileEncoding = 4; lastKnownFileType = sourcecode.c.objc; path = PageTitleView.m; sourceTree = "<group>"; };
		1895B5081DCC8F2F004F455A /* DYLiveViewController.h */ = {isa = PBXFileReference; fileEncoding = 4; lastKnownFileType = sourcecode.c.h; path = DYLiveViewController.h; sourceTree = "<group>"; };
		1895B5091DCC8F2F004F455A /* DYLiveViewController.m */ = {isa = PBXFileReference; fileEncoding = 4; lastKnownFileType = sourcecode.c.objc; path = DYLiveViewController.m; sourceTree = "<group>"; };
		1895B50B1DCC8F4C004F455A /* DYFollowViewController.h */ = {isa = PBXFileReference; fileEncoding = 4; lastKnownFileType = sourcecode.c.h; path = DYFollowViewController.h; sourceTree = "<group>"; };
		1895B50C1DCC8F4C004F455A /* DYFollowViewController.m */ = {isa = PBXFileReference; fileEncoding = 4; lastKnownFileType = sourcecode.c.objc; path = DYFollowViewController.m; sourceTree = "<group>"; };
		1895B50E1DCC8F8A004F455A /* PrefixHeader.pch */ = {isa = PBXFileReference; fileEncoding = 4; lastKnownFileType = sourcecode.c.h; path = PrefixHeader.pch; sourceTree = "<group>"; };
		18A12D001DD31E7200C9C4F7 /* ReusableModel.h */ = {isa = PBXFileReference; fileEncoding = 4; lastKnownFileType = sourcecode.c.h; path = ReusableModel.h; sourceTree = "<group>"; };
		18A12D011DD31E7200C9C4F7 /* ReusableModel.m */ = {isa = PBXFileReference; fileEncoding = 4; lastKnownFileType = sourcecode.c.objc; path = ReusableModel.m; sourceTree = "<group>"; };
		18A12D071DD3241200C9C4F7 /* RecommendCollectionViewCell.h */ = {isa = PBXFileReference; fileEncoding = 4; lastKnownFileType = sourcecode.c.h; path = RecommendCollectionViewCell.h; sourceTree = "<group>"; };
		18A12D081DD3241200C9C4F7 /* RecommendCollectionViewCell.m */ = {isa = PBXFileReference; fileEncoding = 4; lastKnownFileType = sourcecode.c.objc; path = RecommendCollectionViewCell.m; sourceTree = "<group>"; };
		18A12D091DD3241200C9C4F7 /* RecommendGameCell.h */ = {isa = PBXFileReference; fileEncoding = 4; lastKnownFileType = sourcecode.c.h; path = RecommendGameCell.h; sourceTree = "<group>"; };
		18A12D0A1DD3241200C9C4F7 /* RecommendGameCell.m */ = {isa = PBXFileReference; fileEncoding = 4; lastKnownFileType = sourcecode.c.objc; path = RecommendGameCell.m; sourceTree = "<group>"; };
		18A12D0B1DD3241200C9C4F7 /* RecommendGameView.h */ = {isa = PBXFileReference; fileEncoding = 4; lastKnownFileType = sourcecode.c.h; path = RecommendGameView.h; sourceTree = "<group>"; };
		18A12D0C1DD3241200C9C4F7 /* RecommendGameView.m */ = {isa = PBXFileReference; fileEncoding = 4; lastKnownFileType = sourcecode.c.objc; path = RecommendGameView.m; sourceTree = "<group>"; };
		18A12D0D1DD3241200C9C4F7 /* RecommendReusableView.h */ = {isa = PBXFileReference; fileEncoding = 4; lastKnownFileType = sourcecode.c.h; path = RecommendReusableView.h; sourceTree = "<group>"; };
		18A12D0E1DD3241200C9C4F7 /* RecommendReusableView.m */ = {isa = PBXFileReference; fileEncoding = 4; lastKnownFileType = sourcecode.c.objc; path = RecommendReusableView.m; sourceTree = "<group>"; };
		18A12D0F1DD3241200C9C4F7 /* RecommendYanzhiCell.h */ = {isa = PBXFileReference; fileEncoding = 4; lastKnownFileType = sourcecode.c.h; path = RecommendYanzhiCell.h; sourceTree = "<group>"; };
		18A12D101DD3241200C9C4F7 /* RecommendYanzhiCell.m */ = {isa = PBXFileReference; fileEncoding = 4; lastKnownFileType = sourcecode.c.objc; path = RecommendYanzhiCell.m; sourceTree = "<group>"; };
		18A12D161DD3244200C9C4F7 /* GameHeaderView.h */ = {isa = PBXFileReference; fileEncoding = 4; lastKnownFileType = sourcecode.c.h; path = GameHeaderView.h; sourceTree = "<group>"; };
		18A12D171DD3244200C9C4F7 /* GameHeaderView.m */ = {isa = PBXFileReference; fileEncoding = 4; lastKnownFileType = sourcecode.c.objc; path = GameHeaderView.m; sourceTree = "<group>"; };
		18AA25761DD1B018007F5382 /* RecommendGameModel.h */ = {isa = PBXFileReference; fileEncoding = 4; lastKnownFileType = sourcecode.c.h; path = RecommendGameModel.h; sourceTree = "<group>"; };
		18AA25771DD1B018007F5382 /* RecommendGameModel.m */ = {isa = PBXFileReference; fileEncoding = 4; lastKnownFileType = sourcecode.c.objc; path = RecommendGameModel.m; sourceTree = "<group>"; };
		18C6A4511DB86FB300BE7519 /* WY_DYZB.app */ = {isa = PBXFileReference; explicitFileType = wrapper.application; includeInIndex = 0; path = WY_DYZB.app; sourceTree = BUILT_PRODUCTS_DIR; };
		18C6A4551DB86FB300BE7519 /* main.m */ = {isa = PBXFileReference; lastKnownFileType = sourcecode.c.objc; path = main.m; sourceTree = "<group>"; };
		18C6A4571DB86FB300BE7519 /* AppDelegate.h */ = {isa = PBXFileReference; lastKnownFileType = sourcecode.c.h; path = AppDelegate.h; sourceTree = "<group>"; };
		18C6A4581DB86FB300BE7519 /* AppDelegate.m */ = {isa = PBXFileReference; lastKnownFileType = sourcecode.c.objc; path = AppDelegate.m; sourceTree = "<group>"; };
		18C6A45A1DB86FB300BE7519 /* ViewController.h */ = {isa = PBXFileReference; lastKnownFileType = sourcecode.c.h; path = ViewController.h; sourceTree = "<group>"; };
		18C6A45B1DB86FB300BE7519 /* ViewController.m */ = {isa = PBXFileReference; lastKnownFileType = sourcecode.c.objc; path = ViewController.m; sourceTree = "<group>"; };
		18C6A45E1DB86FB300BE7519 /* Base */ = {isa = PBXFileReference; lastKnownFileType = file.storyboard; name = Base; path = Base.lproj/Main.storyboard; sourceTree = "<group>"; };
		18C6A4611DB86FB300BE7519 /* WY_DYZB.xcdatamodel */ = {isa = PBXFileReference; lastKnownFileType = wrapper.xcdatamodel; path = WY_DYZB.xcdatamodel; sourceTree = "<group>"; };
		18C6A4631DB86FB300BE7519 /* Assets.xcassets */ = {isa = PBXFileReference; lastKnownFileType = folder.assetcatalog; path = Assets.xcassets; sourceTree = "<group>"; };
		18C6A4661DB86FB300BE7519 /* Base */ = {isa = PBXFileReference; lastKnownFileType = file.storyboard; name = Base; path = Base.lproj/LaunchScreen.storyboard; sourceTree = "<group>"; };
		18C6A4681DB86FB300BE7519 /* Info.plist */ = {isa = PBXFileReference; lastKnownFileType = text.plist.xml; path = Info.plist; sourceTree = "<group>"; };
		9D8DD97898D0F002B7FD1A8B /* Pods-WY_DYZB.debug.xcconfig */ = {isa = PBXFileReference; includeInIndex = 1; lastKnownFileType = text.xcconfig; name = "Pods-WY_DYZB.debug.xcconfig"; path = "Pods/Target Support Files/Pods-WY_DYZB/Pods-WY_DYZB.debug.xcconfig"; sourceTree = "<group>"; };
		BE2F9CFF564EF666646F106E /* Pods_WY_DYZB.framework */ = {isa = PBXFileReference; explicitFileType = wrapper.framework; includeInIndex = 0; path = Pods_WY_DYZB.framework; sourceTree = BUILT_PRODUCTS_DIR; };
		DF8308710EA3A4041FB66701 /* Pods-WY_DYZB.release.xcconfig */ = {isa = PBXFileReference; includeInIndex = 1; lastKnownFileType = text.xcconfig; name = "Pods-WY_DYZB.release.xcconfig"; path = "Pods/Target Support Files/Pods-WY_DYZB/Pods-WY_DYZB.release.xcconfig"; sourceTree = "<group>"; };
/* End PBXFileReference section */

/* Begin PBXFrameworksBuildPhase section */
		18C6A44E1DB86FB300BE7519 /* Frameworks */ = {
			isa = PBXFrameworksBuildPhase;
			buildActionMask = 2147483647;
			files = (
				AF73CCC8D68452709FDDE585 /* Pods_WY_DYZB.framework in Frameworks */,
			);
			runOnlyForDeploymentPostprocessing = 0;
		};
/* End PBXFrameworksBuildPhase section */

/* Begin PBXGroup section */
		1810819D1DD03F9000DCE7A5 /* WYCarousel */ = {
			isa = PBXGroup;
			children = (
				1810819E1DD03F9E00DCE7A5 /* WYCarouselView.h */,
				1810819F1DD03F9E00DCE7A5 /* WYCarouselView.m */,
			);
			path = WYCarousel;
			sourceTree = "<group>";
		};
		1895B4C61DCC8EA3004F455A /* Category */ = {
			isa = PBXGroup;
			children = (
				1895B4C71DCC8EA3004F455A /* NSDictionary+Unicode.h */,
				1895B4C81DCC8EA3004F455A /* NSDictionary+Unicode.m */,
				1895B4C91DCC8EA3004F455A /* UIBarButtonItem+NavigationButton.h */,
				1895B4CA1DCC8EA3004F455A /* UIBarButtonItem+NavigationButton.m */,
				1895B4CB1DCC8EA3004F455A /* UIButton+MoreButton.h */,
				1895B4CC1DCC8EA3004F455A /* UIButton+MoreButton.m */,
				1895B4CD1DCC8EA3004F455A /* UIImage+RescaleImage.h */,
				1895B4CE1DCC8EA3004F455A /* UIImage+RescaleImage.m */,
				1895B4CF1DCC8EA3004F455A /* UIView+Frame.h */,
				1895B4D01DCC8EA3004F455A /* UIView+Frame.m */,
				1895B4D11DCC8EA3004F455A /* UIView+Layer.h */,
				1895B4D21DCC8EA3004F455A /* UIView+Layer.m */,
			);
			path = Category;
			sourceTree = "<group>";
		};
		1895B4D91DCC8EB2004F455A /* Extension */ = {
			isa = PBXGroup;
			children = (
			);
			path = Extension;
			sourceTree = "<group>";
		};
		1895B4DA1DCC8EB8004F455A /* Public */ = {
			isa = PBXGroup;
			children = (
				1895B4DB1DCC8EB8004F455A /* Common.h */,
			);
			path = Public;
			sourceTree = "<group>";
		};
		1895B4DC1DCC8EC1004F455A /* Other */ = {
			isa = PBXGroup;
			children = (
				1810819D1DD03F9000DCE7A5 /* WYCarousel */,
				1895B4DD1DCC8EC1004F455A /* Network */,
			);
			path = Other;
			sourceTree = "<group>";
		};
		1895B4DD1DCC8EC1004F455A /* Network */ = {
			isa = PBXGroup;
			children = (
				1895B4DE1DCC8EC1004F455A /* NetworkSingleton.h */,
				1895B4DF1DCC8EC1004F455A /* NetworkSingleton.m */,
			);
			path = Network;
			sourceTree = "<group>";
		};
		18A12D031DD323D100C9C4F7 /* Fun */ = {
			isa = PBXGroup;
			children = (
			);
			path = Fun;
			sourceTree = "<group>";
		};
		18A12D041DD323D800C9C4F7 /* Entertainment */ = {
			isa = PBXGroup;
			children = (
			);
			path = Entertainment;
			sourceTree = "<group>";
		};
		18A12D051DD323E000C9C4F7 /* Game */ = {
			isa = PBXGroup;
			children = (
				18A12D161DD3244200C9C4F7 /* GameHeaderView.h */,
				18A12D171DD3244200C9C4F7 /* GameHeaderView.m */,
			);
			path = Game;
			sourceTree = "<group>";
		};
		18A12D061DD323E800C9C4F7 /* Recommend */ = {
			isa = PBXGroup;
			children = (
				18A12D071DD3241200C9C4F7 /* RecommendCollectionViewCell.h */,
				18A12D081DD3241200C9C4F7 /* RecommendCollectionViewCell.m */,
				18A12D091DD3241200C9C4F7 /* RecommendGameCell.h */,
				18A12D0A1DD3241200C9C4F7 /* RecommendGameCell.m */,
				18A12D0B1DD3241200C9C4F7 /* RecommendGameView.h */,
				18A12D0C1DD3241200C9C4F7 /* RecommendGameView.m */,
				18A12D0D1DD3241200C9C4F7 /* RecommendReusableView.h */,
				18A12D0E1DD3241200C9C4F7 /* RecommendReusableView.m */,
				18A12D0F1DD3241200C9C4F7 /* RecommendYanzhiCell.h */,
				18A12D101DD3241200C9C4F7 /* RecommendYanzhiCell.m */,
			);
			path = Recommend;
			sourceTree = "<group>";
		};
		18C6A4481DB86FB300BE7519 = {
			isa = PBXGroup;
			children = (
				18C6A4531DB86FB300BE7519 /* WY_DYZB */,
				18C6A4521DB86FB300BE7519 /* Products */,
				717137F32108665069B76309 /* Pods */,
				68F2D85C3DAE427F922D0B60 /* Frameworks */,
			);
			sourceTree = "<group>";
		};
		18C6A4521DB86FB300BE7519 /* Products */ = {
			isa = PBXGroup;
			children = (
				18C6A4511DB86FB300BE7519 /* WY_DYZB.app */,
			);
			name = Products;
			sourceTree = "<group>";
		};
		18C6A4531DB86FB300BE7519 /* WY_DYZB */ = {
			isa = PBXGroup;
			children = (
				18C6A46E1DB8A86A00BE7519 /* Classes */,
				18C6A4571DB86FB300BE7519 /* AppDelegate.h */,
				18C6A4581DB86FB300BE7519 /* AppDelegate.m */,
				18C6A45A1DB86FB300BE7519 /* ViewController.h */,
				18C6A45B1DB86FB300BE7519 /* ViewController.m */,
				1895B50E1DCC8F8A004F455A /* PrefixHeader.pch */,
				18C6A45D1DB86FB300BE7519 /* Main.storyboard */,
				18C6A4631DB86FB300BE7519 /* Assets.xcassets */,
				18C6A4651DB86FB300BE7519 /* LaunchScreen.storyboard */,
				18C6A4681DB86FB300BE7519 /* Info.plist */,
				18C6A4601DB86FB300BE7519 /* WY_DYZB.xcdatamodeld */,
				18C6A4541DB86FB300BE7519 /* Supporting Files */,
			);
			path = WY_DYZB;
			sourceTree = "<group>";
		};
		18C6A4541DB86FB300BE7519 /* Supporting Files */ = {
			isa = PBXGroup;
			children = (
				18C6A4551DB86FB300BE7519 /* main.m */,
			);
			name = "Supporting Files";
			sourceTree = "<group>";
		};
		18C6A46E1DB8A86A00BE7519 /* Classes */ = {
			isa = PBXGroup;
			children = (
				18C6A4741DB8A91400BE7519 /* Main(主要) */,
				18C6A4731DB8A90E00BE7519 /* Home(首页) */,
				18C6A4721DB8A90700BE7519 /* Live(直播) */,
				18C6A4711DB8A8FA00BE7519 /* Follow(关注) */,
				18C6A4701DB8A8EF00BE7519 /* Mine(我的) */,
				18C6A46F1DB8A8E800BE7519 /* Tools(工具) */,
			);
			path = Classes;
			sourceTree = "<group>";
		};
		18C6A46F1DB8A8E800BE7519 /* Tools(工具) */ = {
			isa = PBXGroup;
			children = (
				1895B4C61DCC8EA3004F455A /* Category */,
				1895B4D91DCC8EB2004F455A /* Extension */,
				1895B4DC1DCC8EC1004F455A /* Other */,
				1895B4DA1DCC8EB8004F455A /* Public */,
			);
			path = "Tools(工具)";
			sourceTree = "<group>";
		};
		18C6A4701DB8A8EF00BE7519 /* Mine(我的) */ = {
			isa = PBXGroup;
			children = (
				18C6A4831DB8ACE000BE7519 /* Model */,
				18C6A4821DB8ACD800BE7519 /* View */,
				18C6A4811DB8ACD200BE7519 /* Controller */,
			);
			path = "Mine(我的)";
			sourceTree = "<group>";
		};
		18C6A4711DB8A8FA00BE7519 /* Follow(关注) */ = {
			isa = PBXGroup;
			children = (
				18C6A4801DB8ACC400BE7519 /* Model */,
				18C6A47F1DB8ACBE00BE7519 /* View */,
				18C6A47E1DB8ACB900BE7519 /* Controller */,
			);
			path = "Follow(关注)";
			sourceTree = "<group>";
		};
		18C6A4721DB8A90700BE7519 /* Live(直播) */ = {
			isa = PBXGroup;
			children = (
				18C6A47D1DB8ACAE00BE7519 /* Model */,
				18C6A47C1DB8ACA900BE7519 /* View */,
				18C6A47B1DB8ACA200BE7519 /* Controller */,
			);
			path = "Live(直播)";
			sourceTree = "<group>";
		};
		18C6A4731DB8A90E00BE7519 /* Home(首页) */ = {
			isa = PBXGroup;
			children = (
				18C6A47A1DB8AC4C00BE7519 /* Model */,
				18C6A4791DB8AC4300BE7519 /* View */,
				18C6A4781DB8AC3A00BE7519 /* Controller */,
			);
			path = "Home(首页)";
			sourceTree = "<group>";
		};
		18C6A4741DB8A91400BE7519 /* Main(主要) */ = {
			isa = PBXGroup;
			children = (
				18C6A4771DB8AC0C00BE7519 /* Model */,
				18C6A4761DB8AC0500BE7519 /* View */,
				18C6A4751DB8ABFC00BE7519 /* Controller */,
			);
			path = "Main(主要)";
			sourceTree = "<group>";
		};
		18C6A4751DB8ABFC00BE7519 /* Controller */ = {
			isa = PBXGroup;
			children = (
				1895B4E41DCC8EF7004F455A /* DYMainViewController.h */,
				1895B4E51DCC8EF7004F455A /* DYMainViewController.m */,
			);
			path = Controller;
			sourceTree = "<group>";
		};
		18C6A4761DB8AC0500BE7519 /* View */ = {
			isa = PBXGroup;
			children = (
			);
			path = View;
			sourceTree = "<group>";
		};
		18C6A4771DB8AC0C00BE7519 /* Model */ = {
			isa = PBXGroup;
			children = (
			);
			path = Model;
			sourceTree = "<group>";
		};
		18C6A4781DB8AC3A00BE7519 /* Controller */ = {
			isa = PBXGroup;
			children = (
				1895B4E71DCC8F06004F455A /* DYHomeViewController.h */,
				1895B4E81DCC8F06004F455A /* DYHomeViewController.m */,
				1895B4EF1DCC8F06004F455A /* RecommendViewController.h */,
				1895B4F01DCC8F06004F455A /* RecommendViewController.m */,
				1895B4E91DCC8F06004F455A /* EntertainmentViewController.h */,
				1895B4EA1DCC8F06004F455A /* EntertainmentViewController.m */,
				1895B4EB1DCC8F06004F455A /* FunViewController.h */,
				1895B4EC1DCC8F06004F455A /* FunViewController.m */,
				1895B4ED1DCC8F06004F455A /* GameViewController.h */,
				1895B4EE1DCC8F06004F455A /* GameViewController.m */,
			);
			path = Controller;
			sourceTree = "<group>";
		};
		18C6A4791DB8AC4300BE7519 /* View */ = {
			isa = PBXGroup;
			children = (
				1895B4F91DCC8F18004F455A /* PageContentView.h */,
				1895B4FA1DCC8F18004F455A /* PageContentView.m */,
				1895B4FB1DCC8F18004F455A /* PageTitleView.h */,
				1895B4FC1DCC8F18004F455A /* PageTitleView.m */,
				18A12D061DD323E800C9C4F7 /* Recommend */,
				18A12D051DD323E000C9C4F7 /* Game */,
				18A12D041DD323D800C9C4F7 /* Entertainment */,
				18A12D031DD323D100C9C4F7 /* Fun */,
			);
			path = View;
			sourceTree = "<group>";
		};
		18C6A47A1DB8AC4C00BE7519 /* Model */ = {
			isa = PBXGroup;
			children = (
				1895B4F61DCC8F0F004F455A /* YanZhiModel.h */,
				1895B4F71DCC8F0F004F455A /* YanZhiModel.m */,
				18AA25761DD1B018007F5382 /* RecommendGameModel.h */,
				18AA25771DD1B018007F5382 /* RecommendGameModel.m */,
				18A12D001DD31E7200C9C4F7 /* ReusableModel.h */,
				18A12D011DD31E7200C9C4F7 /* ReusableModel.m */,
			);
			path = Model;
			sourceTree = "<group>";
		};
		18C6A47B1DB8ACA200BE7519 /* Controller */ = {
			isa = PBXGroup;
			children = (
				1895B5081DCC8F2F004F455A /* DYLiveViewController.h */,
				1895B5091DCC8F2F004F455A /* DYLiveViewController.m */,
			);
			path = Controller;
			sourceTree = "<group>";
		};
		18C6A47C1DB8ACA900BE7519 /* View */ = {
			isa = PBXGroup;
			children = (
			);
			path = View;
			sourceTree = "<group>";
		};
		18C6A47D1DB8ACAE00BE7519 /* Model */ = {
			isa = PBXGroup;
			children = (
			);
			path = Model;
			sourceTree = "<group>";
		};
		18C6A47E1DB8ACB900BE7519 /* Controller */ = {
			isa = PBXGroup;
			children = (
				1895B50B1DCC8F4C004F455A /* DYFollowViewController.h */,
				1895B50C1DCC8F4C004F455A /* DYFollowViewController.m */,
			);
			path = Controller;
			sourceTree = "<group>";
		};
		18C6A47F1DB8ACBE00BE7519 /* View */ = {
			isa = PBXGroup;
			children = (
			);
			path = View;
			sourceTree = "<group>";
		};
		18C6A4801DB8ACC400BE7519 /* Model */ = {
			isa = PBXGroup;
			children = (
			);
			path = Model;
			sourceTree = "<group>";
		};
		18C6A4811DB8ACD200BE7519 /* Controller */ = {
			isa = PBXGroup;
			children = (
				1895B4E11DCC8EDE004F455A /* DYMineViewController.h */,
				1895B4E21DCC8EDE004F455A /* DYMineViewController.m */,
			);
			path = Controller;
			sourceTree = "<group>";
		};
		18C6A4821DB8ACD800BE7519 /* View */ = {
			isa = PBXGroup;
			children = (
			);
			path = View;
			sourceTree = "<group>";
		};
		18C6A4831DB8ACE000BE7519 /* Model */ = {
			isa = PBXGroup;
			children = (
			);
			path = Model;
			sourceTree = "<group>";
		};
		68F2D85C3DAE427F922D0B60 /* Frameworks */ = {
			isa = PBXGroup;
			children = (
				BE2F9CFF564EF666646F106E /* Pods_WY_DYZB.framework */,
			);
			name = Frameworks;
			sourceTree = "<group>";
		};
		717137F32108665069B76309 /* Pods */ = {
			isa = PBXGroup;
			children = (
				9D8DD97898D0F002B7FD1A8B /* Pods-WY_DYZB.debug.xcconfig */,
				DF8308710EA3A4041FB66701 /* Pods-WY_DYZB.release.xcconfig */,
			);
			name = Pods;
			sourceTree = "<group>";
		};
/* End PBXGroup section */

/* Begin PBXNativeTarget section */
		18C6A4501DB86FB300BE7519 /* WY_DYZB */ = {
			isa = PBXNativeTarget;
			buildConfigurationList = 18C6A46B1DB86FB300BE7519 /* Build configuration list for PBXNativeTarget "WY_DYZB" */;
			buildPhases = (
				6274C0D43A2E8AA7E2F2648C /* 📦 Check Pods Manifest.lock */,
				18C6A44D1DB86FB300BE7519 /* Sources */,
				18C6A44E1DB86FB300BE7519 /* Frameworks */,
				18C6A44F1DB86FB300BE7519 /* Resources */,
				F5840FD31D57805252EC42C7 /* 📦 Embed Pods Frameworks */,
				DFE896203E68FC712C88C2A2 /* 📦 Copy Pods Resources */,
			);
			buildRules = (
			);
			dependencies = (
			);
			name = WY_DYZB;
			productName = WY_DYZB;
			productReference = 18C6A4511DB86FB300BE7519 /* WY_DYZB.app */;
			productType = "com.apple.product-type.application";
		};
/* End PBXNativeTarget section */

/* Begin PBXProject section */
		18C6A4491DB86FB300BE7519 /* Project object */ = {
			isa = PBXProject;
			attributes = {
				LastUpgradeCheck = 0800;
				ORGANIZATIONNAME = apple;
				TargetAttributes = {
					18C6A4501DB86FB300BE7519 = {
						CreatedOnToolsVersion = 8.0;
						ProvisioningStyle = Automatic;
					};
				};
			};
			buildConfigurationList = 18C6A44C1DB86FB300BE7519 /* Build configuration list for PBXProject "WY_DYZB" */;
			compatibilityVersion = "Xcode 3.2";
			developmentRegion = English;
			hasScannedForEncodings = 0;
			knownRegions = (
				en,
				Base,
			);
			mainGroup = 18C6A4481DB86FB300BE7519;
			productRefGroup = 18C6A4521DB86FB300BE7519 /* Products */;
			projectDirPath = "";
			projectRoot = "";
			targets = (
				18C6A4501DB86FB300BE7519 /* WY_DYZB */,
			);
		};
/* End PBXProject section */

/* Begin PBXResourcesBuildPhase section */
		18C6A44F1DB86FB300BE7519 /* Resources */ = {
			isa = PBXResourcesBuildPhase;
			buildActionMask = 2147483647;
			files = (
				18C6A4671DB86FB300BE7519 /* LaunchScreen.storyboard in Resources */,
				18C6A4641DB86FB300BE7519 /* Assets.xcassets in Resources */,
				18C6A45F1DB86FB300BE7519 /* Main.storyboard in Resources */,
			);
			runOnlyForDeploymentPostprocessing = 0;
		};
/* End PBXResourcesBuildPhase section */

/* Begin PBXShellScriptBuildPhase section */
		6274C0D43A2E8AA7E2F2648C /* 📦 Check Pods Manifest.lock */ = {
			isa = PBXShellScriptBuildPhase;
			buildActionMask = 2147483647;
			files = (
			);
			inputPaths = (
			);
			name = "📦 Check Pods Manifest.lock";
			outputPaths = (
			);
			runOnlyForDeploymentPostprocessing = 0;
			shellPath = /bin/sh;
			shellScript = "diff \"${PODS_ROOT}/../Podfile.lock\" \"${PODS_ROOT}/Manifest.lock\" > /dev/null\nif [[ $? != 0 ]] ; then\n    cat << EOM\nerror: The sandbox is not in sync with the Podfile.lock. Run 'pod install' or update your CocoaPods installation.\nEOM\n    exit 1\nfi\n";
			showEnvVarsInLog = 0;
		};
		DFE896203E68FC712C88C2A2 /* 📦 Copy Pods Resources */ = {
			isa = PBXShellScriptBuildPhase;
			buildActionMask = 2147483647;
			files = (
			);
			inputPaths = (
			);
			name = "📦 Copy Pods Resources";
			outputPaths = (
			);
			runOnlyForDeploymentPostprocessing = 0;
			shellPath = /bin/sh;
			shellScript = "\"${SRCROOT}/Pods/Target Support Files/Pods-WY_DYZB/Pods-WY_DYZB-resources.sh\"\n";
			showEnvVarsInLog = 0;
		};
		F5840FD31D57805252EC42C7 /* 📦 Embed Pods Frameworks */ = {
			isa = PBXShellScriptBuildPhase;
			buildActionMask = 2147483647;
			files = (
			);
			inputPaths = (
			);
			name = "📦 Embed Pods Frameworks";
			outputPaths = (
			);
			runOnlyForDeploymentPostprocessing = 0;
			shellPath = /bin/sh;
			shellScript = "\"${SRCROOT}/Pods/Target Support Files/Pods-WY_DYZB/Pods-WY_DYZB-frameworks.sh\"\n";
			showEnvVarsInLog = 0;
		};
/* End PBXShellScriptBuildPhase section */

/* Begin PBXSourcesBuildPhase section */
		18C6A44D1DB86FB300BE7519 /* Sources */ = {
			isa = PBXSourcesBuildPhase;
			buildActionMask = 2147483647;
			files = (
				1895B4D51DCC8EA3004F455A /* UIButton+MoreButton.m in Sources */,
				1895B4E61DCC8EF7004F455A /* DYMainViewController.m in Sources */,
				18A12D121DD3241200C9C4F7 /* RecommendGameCell.m in Sources */,
				18A12D151DD3241200C9C4F7 /* RecommendYanzhiCell.m in Sources */,
				1895B4F21DCC8F06004F455A /* EntertainmentViewController.m in Sources */,
				1895B5031DCC8F18004F455A /* PageContentView.m in Sources */,
				1895B5041DCC8F18004F455A /* PageTitleView.m in Sources */,
				1895B4D31DCC8EA3004F455A /* NSDictionary+Unicode.m in Sources */,
				18C6A4621DB86FB300BE7519 /* WY_DYZB.xcdatamodeld in Sources */,
				18A12D181DD3244200C9C4F7 /* GameHeaderView.m in Sources */,
				1895B50A1DCC8F2F004F455A /* DYLiveViewController.m in Sources */,
				1895B4D71DCC8EA3004F455A /* UIView+Frame.m in Sources */,
				1895B4F31DCC8F06004F455A /* FunViewController.m in Sources */,
				18AA25781DD1B018007F5382 /* RecommendGameModel.m in Sources */,
				18A12D111DD3241200C9C4F7 /* RecommendCollectionViewCell.m in Sources */,
				18C6A45C1DB86FB300BE7519 /* ViewController.m in Sources */,
				1895B4F41DCC8F06004F455A /* GameViewController.m in Sources */,
				1895B4F11DCC8F06004F455A /* DYHomeViewController.m in Sources */,
				18A12D141DD3241200C9C4F7 /* RecommendReusableView.m in Sources */,
				1895B4F81DCC8F0F004F455A /* YanZhiModel.m in Sources */,
				181081A01DD03F9E00DCE7A5 /* WYCarouselView.m in Sources */,
				18C6A4591DB86FB300BE7519 /* AppDelegate.m in Sources */,
				1895B4E31DCC8EDE004F455A /* DYMineViewController.m in Sources */,
				18A12D131DD3241200C9C4F7 /* RecommendGameView.m in Sources */,
				1895B4E01DCC8EC1004F455A /* NetworkSingleton.m in Sources */,
				1895B4D41DCC8EA3004F455A /* UIBarButtonItem+NavigationButton.m in Sources */,
				18C6A4561DB86FB300BE7519 /* main.m in Sources */,
				1895B4D81DCC8EA3004F455A /* UIView+Layer.m in Sources */,
				1895B50D1DCC8F4C004F455A /* DYFollowViewController.m in Sources */,
				18A12D021DD31E7200C9C4F7 /* ReusableModel.m in Sources */,
				1895B4D61DCC8EA3004F455A /* UIImage+RescaleImage.m in Sources */,
				1895B4F51DCC8F06004F455A /* RecommendViewController.m in Sources */,
			);
			runOnlyForDeploymentPostprocessing = 0;
		};
/* End PBXSourcesBuildPhase section */

/* Begin PBXVariantGroup section */
		18C6A45D1DB86FB300BE7519 /* Main.storyboard */ = {
			isa = PBXVariantGroup;
			children = (
				18C6A45E1DB86FB300BE7519 /* Base */,
			);
			name = Main.storyboard;
			sourceTree = "<group>";
		};
		18C6A4651DB86FB300BE7519 /* LaunchScreen.storyboard */ = {
			isa = PBXVariantGroup;
			children = (
				18C6A4661DB86FB300BE7519 /* Base */,
			);
			name = LaunchScreen.storyboard;
			sourceTree = "<group>";
		};
/* End PBXVariantGroup section */

/* Begin XCBuildConfiguration section */
		18C6A4691DB86FB300BE7519 /* Debug */ = {
			isa = XCBuildConfiguration;
			buildSettings = {
				ALWAYS_SEARCH_USER_PATHS = NO;
				CLANG_ANALYZER_NONNULL = YES;
				CLANG_CXX_LANGUAGE_STANDARD = "gnu++0x";
				CLANG_CXX_LIBRARY = "libc++";
				CLANG_ENABLE_MODULES = YES;
				CLANG_ENABLE_OBJC_ARC = YES;
				CLANG_WARN_BOOL_CONVERSION = YES;
				CLANG_WARN_CONSTANT_CONVERSION = YES;
				CLANG_WARN_DIRECT_OBJC_ISA_USAGE = YES_ERROR;
				CLANG_WARN_DOCUMENTATION_COMMENTS = YES;
				CLANG_WARN_EMPTY_BODY = YES;
				CLANG_WARN_ENUM_CONVERSION = YES;
				CLANG_WARN_INFINITE_RECURSION = YES;
				CLANG_WARN_INT_CONVERSION = YES;
				CLANG_WARN_OBJC_ROOT_CLASS = YES_ERROR;
				CLANG_WARN_SUSPICIOUS_MOVES = YES;
				CLANG_WARN_UNREACHABLE_CODE = YES;
				CLANG_WARN__DUPLICATE_METHOD_MATCH = YES;
				"CODE_SIGN_IDENTITY[sdk=iphoneos*]" = "iPhone Developer";
				COPY_PHASE_STRIP = NO;
				DEBUG_INFORMATION_FORMAT = dwarf;
				ENABLE_STRICT_OBJC_MSGSEND = YES;
				ENABLE_TESTABILITY = YES;
				GCC_C_LANGUAGE_STANDARD = gnu99;
				GCC_DYNAMIC_NO_PIC = NO;
				GCC_NO_COMMON_BLOCKS = YES;
				GCC_OPTIMIZATION_LEVEL = 0;
				GCC_PREPROCESSOR_DEFINITIONS = (
					"DEBUG=1",
					"$(inherited)",
				);
				GCC_WARN_64_TO_32_BIT_CONVERSION = YES;
				GCC_WARN_ABOUT_RETURN_TYPE = YES_ERROR;
				GCC_WARN_UNDECLARED_SELECTOR = YES;
				GCC_WARN_UNINITIALIZED_AUTOS = YES_AGGRESSIVE;
				GCC_WARN_UNUSED_FUNCTION = YES;
				GCC_WARN_UNUSED_VARIABLE = YES;
				IPHONEOS_DEPLOYMENT_TARGET = 10.0;
				MTL_ENABLE_DEBUG_INFO = YES;
				ONLY_ACTIVE_ARCH = YES;
				SDKROOT = iphoneos;
			};
			name = Debug;
		};
		18C6A46A1DB86FB300BE7519 /* Release */ = {
			isa = XCBuildConfiguration;
			buildSettings = {
				ALWAYS_SEARCH_USER_PATHS = NO;
				CLANG_ANALYZER_NONNULL = YES;
				CLANG_CXX_LANGUAGE_STANDARD = "gnu++0x";
				CLANG_CXX_LIBRARY = "libc++";
				CLANG_ENABLE_MODULES = YES;
				CLANG_ENABLE_OBJC_ARC = YES;
				CLANG_WARN_BOOL_CONVERSION = YES;
				CLANG_WARN_CONSTANT_CONVERSION = YES;
				CLANG_WARN_DIRECT_OBJC_ISA_USAGE = YES_ERROR;
				CLANG_WARN_DOCUMENTATION_COMMENTS = YES;
				CLANG_WARN_EMPTY_BODY = YES;
				CLANG_WARN_ENUM_CONVERSION = YES;
				CLANG_WARN_INFINITE_RECURSION = YES;
				CLANG_WARN_INT_CONVERSION = YES;
				CLANG_WARN_OBJC_ROOT_CLASS = YES_ERROR;
				CLANG_WARN_SUSPICIOUS_MOVES = YES;
				CLANG_WARN_UNREACHABLE_CODE = YES;
				CLANG_WARN__DUPLICATE_METHOD_MATCH = YES;
				"CODE_SIGN_IDENTITY[sdk=iphoneos*]" = "iPhone Developer";
				COPY_PHASE_STRIP = NO;
				DEBUG_INFORMATION_FORMAT = "dwarf-with-dsym";
				ENABLE_NS_ASSERTIONS = NO;
				ENABLE_STRICT_OBJC_MSGSEND = YES;
				GCC_C_LANGUAGE_STANDARD = gnu99;
				GCC_NO_COMMON_BLOCKS = YES;
				GCC_WARN_64_TO_32_BIT_CONVERSION = YES;
				GCC_WARN_ABOUT_RETURN_TYPE = YES_ERROR;
				GCC_WARN_UNDECLARED_SELECTOR = YES;
				GCC_WARN_UNINITIALIZED_AUTOS = YES_AGGRESSIVE;
				GCC_WARN_UNUSED_FUNCTION = YES;
				GCC_WARN_UNUSED_VARIABLE = YES;
				IPHONEOS_DEPLOYMENT_TARGET = 10.0;
				MTL_ENABLE_DEBUG_INFO = NO;
				SDKROOT = iphoneos;
				VALIDATE_PRODUCT = YES;
			};
			name = Release;
		};
		18C6A46C1DB86FB300BE7519 /* Debug */ = {
			isa = XCBuildConfiguration;
			baseConfigurationReference = 9D8DD97898D0F002B7FD1A8B /* Pods-WY_DYZB.debug.xcconfig */;
			buildSettings = {
				ASSETCATALOG_COMPILER_APPICON_NAME = AppIcon;
				ASSETCATALOG_COMPILER_LAUNCHIMAGE_NAME = "Brand Assets";
				GCC_PREFIX_HEADER = "/Users/apple/Desktop/ios的DEMO/仿斗鱼直播/WY_DYZB/WY_DYZB/WY_DYZB/PrefixHeader.pch";
				INFOPLIST_FILE = WY_DYZB/Info.plist;
				IPHONEOS_DEPLOYMENT_TARGET = 8.0;
				LD_RUNPATH_SEARCH_PATHS = "$(inherited) @executable_path/Frameworks";
				PRODUCT_BUNDLE_IDENTIFIER = "apple.WY-DYZB";
				PRODUCT_NAME = "$(TARGET_NAME)";
			};
			name = Debug;
		};
		18C6A46D1DB86FB300BE7519 /* Release */ = {
			isa = XCBuildConfiguration;
			baseConfigurationReference = DF8308710EA3A4041FB66701 /* Pods-WY_DYZB.release.xcconfig */;
			buildSettings = {
				ASSETCATALOG_COMPILER_APPICON_NAME = AppIcon;
				ASSETCATALOG_COMPILER_LAUNCHIMAGE_NAME = "Brand Assets";
				GCC_PREFIX_HEADER = "/Users/apple/Desktop/ios的DEMO/仿斗鱼直播/WY_DYZB/WY_DYZB/WY_DYZB/PrefixHeader.pch";
				INFOPLIST_FILE = WY_DYZB/Info.plist;
				IPHONEOS_DEPLOYMENT_TARGET = 8.0;
				LD_RUNPATH_SEARCH_PATHS = "$(inherited) @executable_path/Frameworks";
				PRODUCT_BUNDLE_IDENTIFIER = "apple.WY-DYZB";
				PRODUCT_NAME = "$(TARGET_NAME)";
			};
			name = Release;
		};
/* End XCBuildConfiguration section */

/* Begin XCConfigurationList section */
		18C6A44C1DB86FB300BE7519 /* Build configuration list for PBXProject "WY_DYZB" */ = {
			isa = XCConfigurationList;
			buildConfigurations = (
				18C6A4691DB86FB300BE7519 /* Debug */,
				18C6A46A1DB86FB300BE7519 /* Release */,
			);
			defaultConfigurationIsVisible = 0;
			defaultConfigurationName = Release;
		};
		18C6A46B1DB86FB300BE7519 /* Build configuration list for PBXNativeTarget "WY_DYZB" */ = {
			isa = XCConfigurationList;
			buildConfigurations = (
				18C6A46C1DB86FB300BE7519 /* Debug */,
				18C6A46D1DB86FB300BE7519 /* Release */,
			);
			defaultConfigurationIsVisible = 0;
			defaultConfigurationName = Release;
		};
/* End XCConfigurationList section */

/* Begin XCVersionGroup section */
		18C6A4601DB86FB300BE7519 /* WY_DYZB.xcdatamodeld */ = {
			isa = XCVersionGroup;
			children = (
				18C6A4611DB86FB300BE7519 /* WY_DYZB.xcdatamodel */,
			);
			currentVersion = 18C6A4611DB86FB300BE7519 /* WY_DYZB.xcdatamodel */;
			path = WY_DYZB.xcdatamodeld;
			sourceTree = "<group>";
			versionGroupType = wrapper.xcdatamodel;
		};
/* End XCVersionGroup section */
	};
	rootObject = 18C6A4491DB86FB300BE7519 /* Project object */;
}
